{
  "name": "@very12345/dsh-computer-use-windows",
  "version": "0.2.0",
  "lockfileVersion": 3,
  "requires": true,
  "packages": {
    "": {
      "name": "@very12345/dsh-computer-use-windows",
      "version": "0.2.0",
      "license": "MIT",
      "os": [
        "win32"
      ],
      "engines": {
        "node": ">=22"
      },
      "peerDependencies": {
        "@deepseek-ai/dsh-tools": "^0.2.0-rc.2",
        "@deepseek-ai/schemastery": "^3.18.4"
      },
      "peerDependenciesMeta": {
        "@deepseek-ai/dsh-tools": {
          "optional": true
        },
        "@deepseek-ai/schemastery": {
          "optional": true
        }
      }
    }
  }
}
